# This file is automatically @generated by Cargo.
# It is not intended for manual editing.
version = 4

[[package]]
name = "opencc-rust"
version = "0.1.0"
dependencies = [
 "xmltree",
]

[[package]]
name = "xml-rs"
version = "0.8.28"
source = "registry+https://github.com/rust-lang/crates.io-index"
checksum = "3ae8337f8a065cfc972643663ea4279e04e7256de865aa66fe25cec5fb912d3f"

[[package]]
name = "xmltree"
version = "0.11.0"
source = "registry+https://github.com/rust-lang/crates.io-index"
checksum = "b619f8c85654798007fb10afa5125590b43b088c225a25fc2fec100a9fad0fc6"
dependencies = [
 "xml-rs",
]
